{
  "originHash" : "5014e4133fb3486d07a3130ce2982b0d12a67062a6abcb695e02abcc60c144d2",
  "pins" : [
    {
      "identity" : "swift-argument-parser",
      "kind" : "remoteSourceControl",
      "location" : "https://github.com/apple/swift-argument-parser.git",
      "state" : {
        "revision" : "626b5b7b2f45e1b0b1c6f4a309296d1d21d7311b",
        "version" : "1.7.1"
      }
    },
    {
      "identity" : "versioninfo.swift",
      "kind" : "remoteSourceControl",
      "location" : "https://github.com/adam-rocska/VersionInfo.swift",
      "state" : {
        "revision" : "e037acc00f38ae1c72687898ceba4a263077c622",
        "version" : "1.0.0"
      }
    }
  ],
  "version" : 3
}
